
Microsoft Visual Studio Solution File, Format Version 12.00
# Visual Studio 15
Project("{FAE04EC0-301F-11D3-BF4B-00C04F79EFBC}") = "Assembly-CSharp", "Assembly-CSharp.csproj", "{AE7B6E9C-BC74-F96E-13B0-F63C16EC7BBE}"
EndProject
Project("{FAE04EC0-301F-11D3-BF4B-00C04F79EFBC}") = "Assembly-CSharp-Editor", "Assembly-CSharp-Editor.csproj", "{06211659-6488-F48C-42C8-A71F8A6D5BDA}"
EndProject
Global
	GlobalSection(SolutionConfigurationPlatforms) = preSolution
		Debug|Any CPU = Debug|Any CPU
		Release|Any CPU = Release|Any CPU
	EndGlobalSection
	GlobalSection(ProjectConfigurationPlatforms) = postSolution
		{AE7B6E9C-BC74-F96E-13B0-F63C16EC7BBE}.Debug|Any CPU.ActiveCfg = Debug|Any CPU
		{AE7B6E9C-BC74-F96E-13B0-F63C16EC7BBE}.Debug|Any CPU.Build.0 = Debug|Any CPU
		{AE7B6E9C-BC74-F96E-13B0-F63C16EC7BBE}.Release|Any CPU.ActiveCfg = Release|Any CPU
		{AE7B6E9C-BC74-F96E-13B0-F63C16EC7BBE}.Release|Any CPU.Build.0 = Release|Any CPU
		{06211659-6488-F48C-42C8-A71F8A6D5BDA}.Debug|Any CPU.ActiveCfg = Debug|Any CPU
		{06211659-6488-F48C-42C8-A71F8A6D5BDA}.Debug|Any CPU.Build.0 = Debug|Any CPU
		{06211659-6488-F48C-42C8-A71F8A6D5BDA}.Release|Any CPU.ActiveCfg = Release|Any CPU
		{06211659-6488-F48C-42C8-A71F8A6D5BDA}.Release|Any CPU.Build.0 = Release|Any CPU
	EndGlobalSection
	GlobalSection(SolutionProperties) = preSolution
		HideSolutionNode = FALSE
	EndGlobalSection
EndGlobal
